
Microsoft Visual Studio Solution File, Format Version 12.00
# Visual Studio Version 16
VisualStudioVersion = 16.0.29920.165
MinimumVisualStudioVersion = 10.0.40219.1
Project("{FAE04EC0-301F-11D3-BF4B-00C04F79EFBC}") = "Inspire", "Inspire\Inspire.csproj", "{37C33885-139D-4E5B-8389-69A614978F62}"
EndProject
Global
	GlobalSection(SolutionConfigurationPlatforms) = preSolution
		Debug|Any CPU = Debug|Any CPU
		Release|Any CPU = Release|Any CPU
	EndGlobalSection
	GlobalSection(ProjectConfigurationPlatforms) = postSolution
		{37C33885-139D-4E5B-8389-69A614978F62}.Debug|Any CPU.ActiveCfg = Debug|Any CPU
		{37C33885-139D-4E5B-8389-69A614978F62}.Debug|Any CPU.Build.0 = Debug|Any CPU
		{37C33885-139D-4E5B-8389-69A614978F62}.Release|Any CPU.ActiveCfg = Release|Any CPU
		{37C33885-139D-4E5B-8389-69A614978F62}.Release|Any CPU.Build.0 = Release|Any CPU
	EndGlobalSection
	GlobalSection(SolutionProperties) = preSolution
		HideSolutionNode = FALSE
	EndGlobalSection
	GlobalSection(ExtensibilityGlobals) = postSolution
		SolutionGuid = {9300329F-265E-44D2-A54E-56D3A8157187}
	EndGlobalSection
EndGlobal
